// !$*UTF8*$!
{
	archiveVersion = 1;
	classes = {
	};
	objectVersion = 50;
	objects = {

/* Begin PBXBuildFile section */
		31BDEA25249D17900008BC73 /* AppDelegate.swift in Sources */ = {isa = PBXBuildFile; fileRef = 31BDEA24249D17900008BC73 /* AppDelegate.swift */; };
		31BDEA29249D17900008BC73 /* FlickerSearchViewController.swift in Sources */ = {isa = PBXBuildFile; fileRef = 31BDEA28249D17900008BC73 /* FlickerSearchViewController.swift */; };
		31BDEA2E249D17930008BC73 /* Assets.xcassets in Resources */ = {isa = PBXBuildFile; fileRef = 31BDEA2D249D17930008BC73 /* Assets.xcassets */; };
		31BDEA31249D17930008BC73 /* LaunchScreen.storyboard in Resources */ = {isa = PBXBuildFile; fileRef = 31BDEA2F249D17930008BC73 /* LaunchScreen.storyboard */; };
		31BDEA3C249D17930008BC73 /* FlickerPhotoSearchTests.swift in Sources */ = {isa = PBXBuildFile; fileRef = 31BDEA3B249D17930008BC73 /* FlickerPhotoSearchTests.swift */; };
		31BDEA48249D2B140008BC73 /* FlickerPhotoCell.swift in Sources */ = {isa = PBXBuildFile; fileRef = 31BDEA47249D2B140008BC73 /* FlickerPhotoCell.swift */; };
		31F4996F249DCFF5002D076A /* Main.storyboard in Resources */ = {isa = PBXBuildFile; fileRef = 31F4996E249DCFF5002D076A /* Main.storyboard */; };
		31F49979249DF921002D076A /* NetworkManager.swift in Sources */ = {isa = PBXBuildFile; fileRef = 31F49978249DF921002D076A /* NetworkManager.swift */; };
		31F4997B249E492C002D076A /* SearchApiResult.swift in Sources */ = {isa = PBXBuildFile; fileRef = 31F4997A249E492C002D076A /* SearchApiResult.swift */; };
		31F4997D249E6F75002D076A /* ImageDetailViewController.swift in Sources */ = {isa = PBXBuildFile; fileRef = 31F4997C249E6F75002D076A /* ImageDetailViewController.swift */; };
		31F49980249F214F002D076A /* CoreImageOperation.swift in Sources */ = {isa = PBXBuildFile; fileRef = 31F4997F249F214E002D076A /* CoreImageOperation.swift */; };
		31F49984249F999F002D076A /* NaiveDarkAndLightMode.swift in Sources */ = {isa = PBXBuildFile; fileRef = 31F49983249F999F002D076A /* NaiveDarkAndLightMode.swift */; };
		31F49986249FA0A2002D076A /* BaseViewController.swift in Sources */ = {isa = PBXBuildFile; fileRef = 31F49985249FA0A2002D076A /* BaseViewController.swift */; };
		31F49988249FABA2002D076A /* Constants.swift in Sources */ = {isa = PBXBuildFile; fileRef = 31F49987249FABA2002D076A /* Constants.swift */; };
		31F4998A249FB03F002D076A /* UICollectionView+Extension.swift in Sources */ = {isa = PBXBuildFile; fileRef = 31F49989249FB03F002D076A /* UICollectionView+Extension.swift */; };
		31F4998C249FB335002D076A /* FooterLoaderView.swift in Sources */ = {isa = PBXBuildFile; fileRef = 31F4998B249FB334002D076A /* FooterLoaderView.swift */; };
		31F4998E249FC916002D076A /* Reachability.swift in Sources */ = {isa = PBXBuildFile; fileRef = 31F4998D249FC916002D076A /* Reachability.swift */; };
		31F49996249FD954002D076A /* DownloadImageService.swift in Sources */ = {isa = PBXBuildFile; fileRef = 31F49995249FD954002D076A /* DownloadImageService.swift */; };
		31F499A0249FDF67002D076A /* FlickerSearchViewController+Ext.swift in Sources */ = {isa = PBXBuildFile; fileRef = 31F4999F249FDF67002D076A /* FlickerSearchViewController+Ext.swift */; };
/* End PBXBuildFile section */

/* Begin PBXContainerItemProxy section */
		31BDEA38249D17930008BC73 /* PBXContainerItemProxy */ = {
			isa = PBXContainerItemProxy;
			containerPortal = 31BDEA19249D178F0008BC73 /* Project object */;
			proxyType = 1;
			remoteGlobalIDString = 31BDEA20249D178F0008BC73;
			remoteInfo = FlickerPhotoSearch;
		};
/* End PBXContainerItemProxy section */

/* Begin PBXFileReference section */
		31BDEA21249D178F0008BC73 /* FlickerPhotoSearch.app */ = {isa = PBXFileReference; explicitFileType = wrapper.application; includeInIndex = 0; path = FlickerPhotoSearch.app; sourceTree = BUILT_PRODUCTS_DIR; };
		31BDEA24249D17900008BC73 /* AppDelegate.swift */ = {isa = PBXFileReference; lastKnownFileType = sourcecode.swift; path = AppDelegate.swift; sourceTree = "<group>"; };
		31BDEA28249D17900008BC73 /* FlickerSearchViewController.swift */ = {isa = PBXFileReference; lastKnownFileType = sourcecode.swift; path = FlickerSearchViewController.swift; sourceTree = "<group>"; };
		31BDEA2D249D17930008BC73 /* Assets.xcassets */ = {isa = PBXFileReference; lastKnownFileType = folder.assetcatalog; path = Assets.xcassets; sourceTree = "<group>"; };
		31BDEA30249D17930008BC73 /* Base */ = {isa = PBXFileReference; lastKnownFileType = file.storyboard; name = Base; path = Base.lproj/LaunchScreen.storyboard; sourceTree = "<group>"; };
		31BDEA32249D17930008BC73 /* Info.plist */ = {isa = PBXFileReference; lastKnownFileType = text.plist.xml; path = Info.plist; sourceTree = "<group>"; };
		31BDEA37249D17930008BC73 /* FlickerPhotoSearchTests.xctest */ = {isa = PBXFileReference; explicitFileType = wrapper.cfbundle; includeInIndex = 0; path = FlickerPhotoSearchTests.xctest; sourceTree = BUILT_PRODUCTS_DIR; };
		31BDEA3B249D17930008BC73 /* FlickerPhotoSearchTests.swift */ = {isa = PBXFileReference; lastKnownFileType = sourcecode.swift; path = FlickerPhotoSearchTests.swift; sourceTree = "<group>"; };
		31BDEA3D249D17930008BC73 /* Info.plist */ = {isa = PBXFileReference; lastKnownFileType = text.plist.xml; path = Info.plist; sourceTree = "<group>"; };
		31BDEA47249D2B140008BC73 /* FlickerPhotoCell.swift */ = {isa = PBXFileReference; lastKnownFileType = sourcecode.swift; path = FlickerPhotoCell.swift; sourceTree = "<group>"; };
		31F4996E249DCFF5002D076A /* Main.storyboard */ = {isa = PBXFileReference; lastKnownFileType = file.storyboard; path = Main.storyboard; sourceTree = "<group>"; };
		31F49978249DF921002D076A /* NetworkManager.swift */ = {isa = PBXFileReference; lastKnownFileType = sourcecode.swift; path = NetworkManager.swift; sourceTree = "<group>"; };
		31F4997A249E492C002D076A /* SearchApiResult.swift */ = {isa = PBXFileReference; lastKnownFileType = sourcecode.swift; path = SearchApiResult.swift; sourceTree = "<group>"; };
		31F4997C249E6F75002D076A /* ImageDetailViewController.swift */ = {isa = PBXFileReference; lastKnownFileType = sourcecode.swift; path = ImageDetailViewController.swift; sourceTree = "<group>"; };
		31F4997F249F214E002D076A /* CoreImageOperation.swift */ = {isa = PBXFileReference; lastKnownFileType = sourcecode.swift; path = CoreImageOperation.swift; sourceTree = "<group>"; };
		31F49983249F999F002D076A /* NaiveDarkAndLightMode.swift */ = {isa = PBXFileReference; lastKnownFileType = sourcecode.swift; path = NaiveDarkAndLightMode.swift; sourceTree = "<group>"; };
		31F49985249FA0A2002D076A /* BaseViewController.swift */ = {isa = PBXFileReference; lastKnownFileType = sourcecode.swift; path = BaseViewController.swift; sourceTree = "<group>"; };
		31F49987249FABA2002D076A /* Constants.swift */ = {isa = PBXFileReference; lastKnownFileType = sourcecode.swift; path = Constants.swift; sourceTree = "<group>"; };
		31F49989249FB03F002D076A /* UICollectionView+Extension.swift */ = {isa = PBXFileReference; lastKnownFileType = sourcecode.swift; path = "UICollectionView+Extension.swift"; sourceTree = "<group>"; };
		31F4998B249FB334002D076A /* FooterLoaderView.swift */ = {isa = PBXFileReference; lastKnownFileType = sourcecode.swift; path = FooterLoaderView.swift; sourceTree = "<group>"; };
		31F4998D249FC916002D076A /* Reachability.swift */ = {isa = PBXFileReference; lastKnownFileType = sourcecode.swift; path = Reachability.swift; sourceTree = "<group>"; };
		31F49995249FD954002D076A /* DownloadImageService.swift */ = {isa = PBXFileReference; lastKnownFileType = sourcecode.swift; path = DownloadImageService.swift; sourceTree = "<group>"; };
		31F4999F249FDF67002D076A /* FlickerSearchViewController+Ext.swift */ = {isa = PBXFileReference; lastKnownFileType = sourcecode.swift; path = "FlickerSearchViewController+Ext.swift"; sourceTree = "<group>"; };
/* End PBXFileReference section */

/* Begin PBXFrameworksBuildPhase section */
		31BDEA1E249D178F0008BC73 /* Frameworks */ = {
			isa = PBXFrameworksBuildPhase;
			buildActionMask = 2147483647;
			files = (
			);
			runOnlyForDeploymentPostprocessing = 0;
		};
		31BDEA34249D17930008BC73 /* Frameworks */ = {
			isa = PBXFrameworksBuildPhase;
			buildActionMask = 2147483647;
			files = (
			);
			runOnlyForDeploymentPostprocessing = 0;
		};
/* End PBXFrameworksBuildPhase section */

/* Begin PBXGroup section */
		31BDEA18249D178F0008BC73 = {
			isa = PBXGroup;
			children = (
				31BDEA23249D17900008BC73 /* FlickerPhotoSearch */,
				31BDEA3A249D17930008BC73 /* FlickerPhotoSearchTests */,
				31BDEA22249D178F0008BC73 /* Products */,
			);
			sourceTree = "<group>";
		};
		31BDEA22249D178F0008BC73 /* Products */ = {
			isa = PBXGroup;
			children = (
				31BDEA21249D178F0008BC73 /* FlickerPhotoSearch.app */,
				31BDEA37249D17930008BC73 /* FlickerPhotoSearchTests.xctest */,
			);
			name = Products;
			sourceTree = "<group>";
		};
		31BDEA23249D17900008BC73 /* FlickerPhotoSearch */ = {
			isa = PBXGroup;
			children = (
				31F49982249F998E002D076A /* Common */,
				31F4997E249F1F9A002D076A /* OptimisedImageDownload */,
				31F49977249DF8E6002D076A /* plist */,
				31F49976249DF8B4002D076A /* AppDelegate */,
				31F49975249DF896002D076A /* NetworkManager */,
				31F49971249DF7A5002D076A /* View */,
				31F49970249DF79E002D076A /* Model */,
				31F49973249DF865002D076A /* Service */,
				31BDEA46249D1D6A0008BC73 /* BassClass */,
				31F4996E249DCFF5002D076A /* Main.storyboard */,
				31BDEA2D249D17930008BC73 /* Assets.xcassets */,
				31BDEA2F249D17930008BC73 /* LaunchScreen.storyboard */,
			);
			path = FlickerPhotoSearch;
			sourceTree = "<group>";
		};
		31BDEA3A249D17930008BC73 /* FlickerPhotoSearchTests */ = {
			isa = PBXGroup;
			children = (
				31BDEA3B249D17930008BC73 /* FlickerPhotoSearchTests.swift */,
				31BDEA3D249D17930008BC73 /* Info.plist */,
			);
			path = FlickerPhotoSearchTests;
			sourceTree = "<group>";
		};
		31BDEA46249D1D6A0008BC73 /* BassClass */ = {
			isa = PBXGroup;
			children = (
				31F49985249FA0A2002D076A /* BaseViewController.swift */,
			);
			path = BassClass;
			sourceTree = "<group>";
		};
		31F49970249DF79E002D076A /* Model */ = {
			isa = PBXGroup;
			children = (
				31F4997A249E492C002D076A /* SearchApiResult.swift */,
			);
			path = Model;
			sourceTree = "<group>";
		};
		31F49971249DF7A5002D076A /* View */ = {
			isa = PBXGroup;
			children = (
				31F49991249FCDA4002D076A /* DetailsView */,
				31F49990249FCD95002D076A /* SearchView */,
				31F4998F249FCD83002D076A /* CollectionViewRelated */,
			);
			path = View;
			sourceTree = "<group>";
		};
		31F49973249DF865002D076A /* Service */ = {
			isa = PBXGroup;
			children = (
				31F49995249FD954002D076A /* DownloadImageService.swift */,
			);
			path = Service;
			sourceTree = "<group>";
		};
		31F49975249DF896002D076A /* NetworkManager */ = {
			isa = PBXGroup;
			children = (
				31F49978249DF921002D076A /* NetworkManager.swift */,
			);
			path = NetworkManager;
			sourceTree = "<group>";
		};
		31F49976249DF8B4002D076A /* AppDelegate */ = {
			isa = PBXGroup;
			children = (
				31BDEA24249D17900008BC73 /* AppDelegate.swift */,
			);
			path = AppDelegate;
			sourceTree = "<group>";
		};
		31F49977249DF8E6002D076A /* plist */ = {
			isa = PBXGroup;
			children = (
				31BDEA32249D17930008BC73 /* Info.plist */,
			);
			path = plist;
			sourceTree = "<group>";
		};
		31F4997E249F1F9A002D076A /* OptimisedImageDownload */ = {
			isa = PBXGroup;
			children = (
				31F4997F249F214E002D076A /* CoreImageOperation.swift */,
			);
			path = OptimisedImageDownload;
			sourceTree = "<group>";
		};
		31F49982249F998E002D076A /* Common */ = {
			isa = PBXGroup;
			children = (
				31F49983249F999F002D076A /* NaiveDarkAndLightMode.swift */,
				31F49987249FABA2002D076A /* Constants.swift */,
				31F49989249FB03F002D076A /* UICollectionView+Extension.swift */,
				31F4998D249FC916002D076A /* Reachability.swift */,
			);
			path = Common;
			sourceTree = "<group>";
		};
		31F4998F249FCD83002D076A /* CollectionViewRelated */ = {
			isa = PBXGroup;
			children = (
				31BDEA47249D2B140008BC73 /* FlickerPhotoCell.swift */,
				31F4998B249FB334002D076A /* FooterLoaderView.swift */,
			);
			path = CollectionViewRelated;
			sourceTree = "<group>";
		};
		31F49990249FCD95002D076A /* SearchView */ = {
			isa = PBXGroup;
			children = (
				31BDEA28249D17900008BC73 /* FlickerSearchViewController.swift */,
				31F4999F249FDF67002D076A /* FlickerSearchViewController+Ext.swift */,
			);
			path = SearchView;
			sourceTree = "<group>";
		};
		31F49991249FCDA4002D076A /* DetailsView */ = {
			isa = PBXGroup;
			children = (
				31F4997C249E6F75002D076A /* ImageDetailViewController.swift */,
			);
			path = DetailsView;
			sourceTree = "<group>";
		};
/* End PBXGroup section */

/* Begin PBXNativeTarget section */
		31BDEA20249D178F0008BC73 /* FlickerPhotoSearch */ = {
			isa = PBXNativeTarget;
			buildConfigurationList = 31BDEA40249D17930008BC73 /* Build configuration list for PBXNativeTarget "FlickerPhotoSearch" */;
			buildPhases = (
				31BDEA1D249D178F0008BC73 /* Sources */,
				31BDEA1E249D178F0008BC73 /* Frameworks */,
				31BDEA1F249D178F0008BC73 /* Resources */,
			);
			buildRules = (
			);
			dependencies = (
			);
			name = FlickerPhotoSearch;
			productName = FlickerPhotoSearch;
			productReference = 31BDEA21249D178F0008BC73 /* FlickerPhotoSearch.app */;
			productType = "com.apple.product-type.application";
		};
		31BDEA36249D17930008BC73 /* FlickerPhotoSearchTests */ = {
			isa = PBXNativeTarget;
			buildConfigurationList = 31BDEA43249D17930008BC73 /* Build configuration list for PBXNativeTarget "FlickerPhotoSearchTests" */;
			buildPhases = (
				31BDEA33249D17930008BC73 /* Sources */,
				31BDEA34249D17930008BC73 /* Frameworks */,
				31BDEA35249D17930008BC73 /* Resources */,
			);
			buildRules = (
			);
			dependencies = (
				31BDEA39249D17930008BC73 /* PBXTargetDependency */,
			);
			name = FlickerPhotoSearchTests;
			productName = FlickerPhotoSearchTests;
			productReference = 31BDEA37249D17930008BC73 /* FlickerPhotoSearchTests.xctest */;
			productType = "com.apple.product-type.bundle.unit-test";
		};
/* End PBXNativeTarget section */

/* Begin PBXProject section */
		31BDEA19249D178F0008BC73 /* Project object */ = {
			isa = PBXProject;
			attributes = {
				LastSwiftUpdateCheck = 1130;
				LastUpgradeCheck = 1130;
				ORGANIZATIONNAME = "Yash Bedi";
				TargetAttributes = {
					31BDEA20249D178F0008BC73 = {
						CreatedOnToolsVersion = 11.3.1;
					};
					31BDEA36249D17930008BC73 = {
						CreatedOnToolsVersion = 11.3.1;
						TestTargetID = 31BDEA20249D178F0008BC73;
					};
				};
			};
			buildConfigurationList = 31BDEA1C249D178F0008BC73 /* Build configuration list for PBXProject "FlickerPhotoSearch" */;
			compatibilityVersion = "Xcode 9.3";
			developmentRegion = en;
			hasScannedForEncodings = 0;
			knownRegions = (
				en,
				Base,
			);
			mainGroup = 31BDEA18249D178F0008BC73;
			productRefGroup = 31BDEA22249D178F0008BC73 /* Products */;
			projectDirPath = "";
			projectRoot = "";
			targets = (
				31BDEA20249D178F0008BC73 /* FlickerPhotoSearch */,
				31BDEA36249D17930008BC73 /* FlickerPhotoSearchTests */,
			);
		};
/* End PBXProject section */

/* Begin PBXResourcesBuildPhase section */
		31BDEA1F249D178F0008BC73 /* Resources */ = {
			isa = PBXResourcesBuildPhase;
			buildActionMask = 2147483647;
			files = (
				31F4996F249DCFF5002D076A /* Main.storyboard in Resources */,
				31BDEA31249D17930008BC73 /* LaunchScreen.storyboard in Resources */,
				31BDEA2E249D17930008BC73 /* Assets.xcassets in Resources */,
			);
			runOnlyForDeploymentPostprocessing = 0;
		};
		31BDEA35249D17930008BC73 /* Resources */ = {
			isa = PBXResourcesBuildPhase;
			buildActionMask = 2147483647;
			files = (
			);
			runOnlyForDeploymentPostprocessing = 0;
		};
/* End PBXResourcesBuildPhase section */

/* Begin PBXSourcesBuildPhase section */
		31BDEA1D249D178F0008BC73 /* Sources */ = {
			isa = PBXSourcesBuildPhase;
			buildActionMask = 2147483647;
			files = (
				31F49979249DF921002D076A /* NetworkManager.swift in Sources */,
				31F4998A249FB03F002D076A /* UICollectionView+Extension.swift in Sources */,
				31F49996249FD954002D076A /* DownloadImageService.swift in Sources */,
				31F4997D249E6F75002D076A /* ImageDetailViewController.swift in Sources */,
				31BDEA48249D2B140008BC73 /* FlickerPhotoCell.swift in Sources */,
				31F499A0249FDF67002D076A /* FlickerSearchViewController+Ext.swift in Sources */,
				31F49984249F999F002D076A /* NaiveDarkAndLightMode.swift in Sources */,
				31BDEA29249D17900008BC73 /* FlickerSearchViewController.swift in Sources */,
				31F4998C249FB335002D076A /* FooterLoaderView.swift in Sources */,
				31F49988249FABA2002D076A /* Constants.swift in Sources */,
				31F49986249FA0A2002D076A /* BaseViewController.swift in Sources */,
				31BDEA25249D17900008BC73 /* AppDelegate.swift in Sources */,
				31F4997B249E492C002D076A /* SearchApiResult.swift in Sources */,
				31F49980249F214F002D076A /* CoreImageOperation.swift in Sources */,
				31F4998E249FC916002D076A /* Reachability.swift in Sources */,
			);
			runOnlyForDeploymentPostprocessing = 0;
		};
		31BDEA33249D17930008BC73 /* Sources */ = {
			isa = PBXSourcesBuildPhase;
			buildActionMask = 2147483647;
			files = (
				31BDEA3C249D17930008BC73 /* FlickerPhotoSearchTests.swift in Sources */,
			);
			runOnlyForDeploymentPostprocessing = 0;
		};
/* End PBXSourcesBuildPhase section */

/* Begin PBXTargetDependency section */
		31BDEA39249D17930008BC73 /* PBXTargetDependency */ = {
			isa = PBXTargetDependency;
			target = 31BDEA20249D178F0008BC73 /* FlickerPhotoSearch */;
			targetProxy = 31BDEA38249D17930008BC73 /* PBXContainerItemProxy */;
		};
/* End PBXTargetDependency section */

/* Begin PBXVariantGroup section */
		31BDEA2F249D17930008BC73 /* LaunchScreen.storyboard */ = {
			isa = PBXVariantGroup;
			children = (
				31BDEA30249D17930008BC73 /* Base */,
			);
			name = LaunchScreen.storyboard;
			sourceTree = "<group>";
		};
/* End PBXVariantGroup section */

/* Begin XCBuildConfiguration section */
		31BDEA3E249D17930008BC73 /* Debug */ = {
			isa = XCBuildConfiguration;
			buildSettings = {
				ALWAYS_SEARCH_USER_PATHS = NO;
				CLANG_ANALYZER_NONNULL = YES;
				CLANG_ANALYZER_NUMBER_OBJECT_CONVERSION = YES_AGGRESSIVE;
				CLANG_CXX_LANGUAGE_STANDARD = "gnu++14";
				CLANG_CXX_LIBRARY = "libc++";
				CLANG_ENABLE_MODULES = YES;
				CLANG_ENABLE_OBJC_ARC = YES;
				CLANG_ENABLE_OBJC_WEAK = YES;
				CLANG_WARN_BLOCK_CAPTURE_AUTORELEASING = YES;
				CLANG_WARN_BOOL_CONVERSION = YES;
				CLANG_WARN_COMMA = YES;
				CLANG_WARN_CONSTANT_CONVERSION = YES;
				CLANG_WARN_DEPRECATED_OBJC_IMPLEMENTATIONS = YES;
				CLANG_WARN_DIRECT_OBJC_ISA_USAGE = YES_ERROR;
				CLANG_WARN_DOCUMENTATION_COMMENTS = YES;
				CLANG_WARN_EMPTY_BODY = YES;
				CLANG_WARN_ENUM_CONVERSION = YES;
				CLANG_WARN_INFINITE_RECURSION = YES;
				CLANG_WARN_INT_CONVERSION = YES;
				CLANG_WARN_NON_LITERAL_NULL_CONVERSION = YES;
				CLANG_WARN_OBJC_IMPLICIT_RETAIN_SELF = YES;
				CLANG_WARN_OBJC_LITERAL_CONVERSION = YES;
				CLANG_WARN_OBJC_ROOT_CLASS = YES_ERROR;
				CLANG_WARN_RANGE_LOOP_ANALYSIS = YES;
				CLANG_WARN_STRICT_PROTOTYPES = YES;
				CLANG_WARN_SUSPICIOUS_MOVE = YES;
				CLANG_WARN_UNGUARDED_AVAILABILITY = YES_AGGRESSIVE;
				CLANG_WARN_UNREACHABLE_CODE = YES;
				CLANG_WARN__DUPLICATE_METHOD_MATCH = YES;
				COPY_PHASE_STRIP = NO;
				DEBUG_INFORMATION_FORMAT = dwarf;
				ENABLE_STRICT_OBJC_MSGSEND = YES;
				ENABLE_TESTABILITY = YES;
				GCC_C_LANGUAGE_STANDARD = gnu11;
				GCC_DYNAMIC_NO_PIC = NO;
				GCC_NO_COMMON_BLOCKS = YES;
				GCC_OPTIMIZATION_LEVEL = 0;
				GCC_PREPROCESSOR_DEFINITIONS = (
					"DEBUG=1",
					"$(inherited)",
				);
				GCC_WARN_64_TO_32_BIT_CONVERSION = YES;
				GCC_WARN_ABOUT_RETURN_TYPE = YES_ERROR;
				GCC_WARN_UNDECLARED_SELECTOR = YES;
				GCC_WARN_UNINITIALIZED_AUTOS = YES_AGGRESSIVE;
				GCC_WARN_UNUSED_FUNCTION = YES;
				GCC_WARN_UNUSED_VARIABLE = YES;
				IPHONEOS_DEPLOYMENT_TARGET = 13.2;
				MTL_ENABLE_DEBUG_INFO = INCLUDE_SOURCE;
				MTL_FAST_MATH = YES;
				ONLY_ACTIVE_ARCH = YES;
				SDKROOT = iphoneos;
				SWIFT_ACTIVE_COMPILATION_CONDITIONS = DEBUG;
				SWIFT_OPTIMIZATION_LEVEL = "-Onone";
			};
			name = Debug;
		};
		31BDEA3F249D17930008BC73 /* Release */ = {
			isa = XCBuildConfiguration;
			buildSettings = {
				ALWAYS_SEARCH_USER_PATHS = NO;
				CLANG_ANALYZER_NONNULL = YES;
				CLANG_ANALYZER_NUMBER_OBJECT_CONVERSION = YES_AGGRESSIVE;
				CLANG_CXX_LANGUAGE_STANDARD = "gnu++14";
				CLANG_CXX_LIBRARY = "libc++";
				CLANG_ENABLE_MODULES = YES;
				CLANG_ENABLE_OBJC_ARC = YES;
				CLANG_ENABLE_OBJC_WEAK = YES;
				CLANG_WARN_BLOCK_CAPTURE_AUTORELEASING = YES;
				CLANG_WARN_BOOL_CONVERSION = YES;
				CLANG_WARN_COMMA = YES;
				CLANG_WARN_CONSTANT_CONVERSION = YES;
				CLANG_WARN_DEPRECATED_OBJC_IMPLEMENTATIONS = YES;
				CLANG_WARN_DIRECT_OBJC_ISA_USAGE = YES_ERROR;
				CLANG_WARN_DOCUMENTATION_COMMENTS = YES;
				CLANG_WARN_EMPTY_BODY = YES;
				CLANG_WARN_ENUM_CONVERSION = YES;
				CLANG_WARN_INFINITE_RECURSION = YES;
				CLANG_WARN_INT_CONVERSION = YES;
				CLANG_WARN_NON_LITERAL_NULL_CONVERSION = YES;
				CLANG_WARN_OBJC_IMPLICIT_RETAIN_SELF = YES;
				CLANG_WARN_OBJC_LITERAL_CONVERSION = YES;
				CLANG_WARN_OBJC_ROOT_CLASS = YES_ERROR;
				CLANG_WARN_RANGE_LOOP_ANALYSIS = YES;
				CLANG_WARN_STRICT_PROTOTYPES = YES;
				CLANG_WARN_SUSPICIOUS_MOVE = YES;
				CLANG_WARN_UNGUARDED_AVAILABILITY = YES_AGGRESSIVE;
				CLANG_WARN_UNREACHABLE_CODE = YES;
				CLANG_WARN__DUPLICATE_METHOD_MATCH = YES;
				COPY_PHASE_STRIP = NO;
				DEBUG_INFORMATION_FORMAT = "dwarf-with-dsym";
				ENABLE_NS_ASSERTIONS = NO;
				ENABLE_STRICT_OBJC_MSGSEND = YES;
				GCC_C_LANGUAGE_STANDARD = gnu11;
				GCC_NO_COMMON_BLOCKS = YES;
				GCC_WARN_64_TO_32_BIT_CONVERSION = YES;
				GCC_WARN_ABOUT_RETURN_TYPE = YES_ERROR;
				GCC_WARN_UNDECLARED_SELECTOR = YES;
				GCC_WARN_UNINITIALIZED_AUTOS = YES_AGGRESSIVE;
				GCC_WARN_UNUSED_FUNCTION = YES;
				GCC_WARN_UNUSED_VARIABLE = YES;
				IPHONEOS_DEPLOYMENT_TARGET = 13.2;
				MTL_ENABLE_DEBUG_INFO = NO;
				MTL_FAST_MATH = YES;
				SDKROOT = iphoneos;
				SWIFT_COMPILATION_MODE = wholemodule;
				SWIFT_OPTIMIZATION_LEVEL = "-O";
				VALIDATE_PRODUCT = YES;
			};
			name = Release;
		};
		31BDEA41249D17930008BC73 /* Debug */ = {
			isa = XCBuildConfiguration;
			buildSettings = {
				ASSETCATALOG_COMPILER_APPICON_NAME = AppIcon;
				CODE_SIGN_STYLE = Automatic;
				INFOPLIST_FILE = FlickerPhotoSearch/plist/Info.plist;
				IPHONEOS_DEPLOYMENT_TARGET = 13.0;
				LD_RUNPATH_SEARCH_PATHS = (
					"$(inherited)",
					"@executable_path/Frameworks",
				);
				PRODUCT_BUNDLE_IDENTIFIER = bedi.yash.com.FlickerPhotoSearch;
				PRODUCT_NAME = "$(TARGET_NAME)";
				SWIFT_VERSION = 5.0;
				TARGETED_DEVICE_FAMILY = "1,2";
			};
			name = Debug;
		};
		31BDEA42249D17930008BC73 /* Release */ = {
			isa = XCBuildConfiguration;
			buildSettings = {
				ASSETCATALOG_COMPILER_APPICON_NAME = AppIcon;
				CODE_SIGN_STYLE = Automatic;
				INFOPLIST_FILE = FlickerPhotoSearch/plist/Info.plist;
				IPHONEOS_DEPLOYMENT_TARGET = 13.0;
				LD_RUNPATH_SEARCH_PATHS = (
					"$(inherited)",
					"@executable_path/Frameworks",
				);
				PRODUCT_BUNDLE_IDENTIFIER = bedi.yash.com.FlickerPhotoSearch;
				PRODUCT_NAME = "$(TARGET_NAME)";
				SWIFT_VERSION = 5.0;
				TARGETED_DEVICE_FAMILY = "1,2";
			};
			name = Release;
		};
		31BDEA44249D17930008BC73 /* Debug */ = {
			isa = XCBuildConfiguration;
			buildSettings = {
				ALWAYS_EMBED_SWIFT_STANDARD_LIBRARIES = YES;
				BUNDLE_LOADER = "$(TEST_HOST)";
				CODE_SIGN_STYLE = Automatic;
				INFOPLIST_FILE = FlickerPhotoSearchTests/Info.plist;
				IPHONEOS_DEPLOYMENT_TARGET = 13.2;
				LD_RUNPATH_SEARCH_PATHS = (
					"$(inherited)",
					"@executable_path/Frameworks",
					"@loader_path/Frameworks",
				);
				PRODUCT_BUNDLE_IDENTIFIER = bedi.yash.com.FlickerPhotoSearchTests;
				PRODUCT_NAME = "$(TARGET_NAME)";
				SWIFT_VERSION = 5.0;
				TARGETED_DEVICE_FAMILY = "1,2";
				TEST_HOST = "$(BUILT_PRODUCTS_DIR)/FlickerPhotoSearch.app/FlickerPhotoSearch";
			};
			name = Debug;
		};
		31BDEA45249D17930008BC73 /* Release */ = {
			isa = XCBuildConfiguration;
			buildSettings = {
				ALWAYS_EMBED_SWIFT_STANDARD_LIBRARIES = YES;
				BUNDLE_LOADER = "$(TEST_HOST)";
				CODE_SIGN_STYLE = Automatic;
				INFOPLIST_FILE = FlickerPhotoSearchTests/Info.plist;
				IPHONEOS_DEPLOYMENT_TARGET = 13.2;
				LD_RUNPATH_SEARCH_PATHS = (
					"$(inherited)",
					"@executable_path/Frameworks",
					"@loader_path/Frameworks",
				);
				PRODUCT_BUNDLE_IDENTIFIER = bedi.yash.com.FlickerPhotoSearchTests;
				PRODUCT_NAME = "$(TARGET_NAME)";
				SWIFT_VERSION = 5.0;
				TARGETED_DEVICE_FAMILY = "1,2";
				TEST_HOST = "$(BUILT_PRODUCTS_DIR)/FlickerPhotoSearch.app/FlickerPhotoSearch";
			};
			name = Release;
		};
/* End XCBuildConfiguration section */

/* Begin XCConfigurationList section */
		31BDEA1C249D178F0008BC73 /* Build configuration list for PBXProject "FlickerPhotoSearch" */ = {
			isa = XCConfigurationList;
			buildConfigurations = (
				31BDEA3E249D17930008BC73 /* Debug */,
				31BDEA3F249D17930008BC73 /* Release */,
			);
			defaultConfigurationIsVisible = 0;
			defaultConfigurationName = Release;
		};
		31BDEA40249D17930008BC73 /* Build configuration list for PBXNativeTarget "FlickerPhotoSearch" */ = {
			isa = XCConfigurationList;
			buildConfigurations = (
				31BDEA41249D17930008BC73 /* Debug */,
				31BDEA42249D17930008BC73 /* Release */,
			);
			defaultConfigurationIsVisible = 0;
			defaultConfigurationName = Release;
		};
		31BDEA43249D17930008BC73 /* Build configuration list for PBXNativeTarget "FlickerPhotoSearchTests" */ = {
			isa = XCConfigurationList;
			buildConfigurations = (
				31BDEA44249D17930008BC73 /* Debug */,
				31BDEA45249D17930008BC73 /* Release */,
			);
			defaultConfigurationIsVisible = 0;
			defaultConfigurationName = Release;
		};
/* End XCConfigurationList section */
	};
	rootObject = 31BDEA19249D178F0008BC73 /* Project object */;
}
